// !$*UTF8*$!
{
	archiveVersion = 1;
	classes = {
	};
	objectVersion = 50;
	objects = {

/* Begin PBXBuildFile section */
		4BA20375BF477181235A7DCC /* Pods_weasley_clock.framework in Frameworks */ = {isa = PBXBuildFile; fileRef = E82EEF39314B995B3644C743 /* Pods_weasley_clock.framework */; };
		65B58C00213AC67E006E3824 /* AppDelegate.swift in Sources */ = {isa = PBXBuildFile; fileRef = 65B58BFF213AC67E006E3824 /* AppDelegate.swift */; };
		65B58C02213AC67E006E3824 /* ViewController.swift in Sources */ = {isa = PBXBuildFile; fileRef = 65B58C01213AC67E006E3824 /* ViewController.swift */; };
		65B58C05213AC67E006E3824 /* Main.storyboard in Resources */ = {isa = PBXBuildFile; fileRef = 65B58C03213AC67E006E3824 /* Main.storyboard */; };
		65B58C07213AC680006E3824 /* Assets.xcassets in Resources */ = {isa = PBXBuildFile; fileRef = 65B58C06213AC680006E3824 /* Assets.xcassets */; };
		65B58C0A213AC680006E3824 /* LaunchScreen.storyboard in Resources */ = {isa = PBXBuildFile; fileRef = 65B58C08213AC680006E3824 /* LaunchScreen.storyboard */; };
		65B58C15213AC680006E3824 /* weasley_clockTests.swift in Sources */ = {isa = PBXBuildFile; fileRef = 65B58C14213AC680006E3824 /* weasley_clockTests.swift */; };
		65B58C24213AD4FE006E3824 /* ClockView.swift in Sources */ = {isa = PBXBuildFile; fileRef = 65B58C23213AD4FE006E3824 /* ClockView.swift */; };
		B8BAAADEE3E0CE0EA26B684A /* Pods_weasley_clockTests.framework in Frameworks */ = {isa = PBXBuildFile; fileRef = 317C1DBCCF8FD79F9AB67159 /* Pods_weasley_clockTests.framework */; };
/* End PBXBuildFile section */

/* Begin PBXContainerItemProxy section */
		65B58C11213AC680006E3824 /* PBXContainerItemProxy */ = {
			isa = PBXContainerItemProxy;
			containerPortal = 65B58BF4213AC67E006E3824 /* Project object */;
			proxyType = 1;
			remoteGlobalIDString = 65B58BFB213AC67E006E3824;
			remoteInfo = "weasley-clock";
		};
/* End PBXContainerItemProxy section */

/* Begin PBXFileReference section */
		2B705659EA6DC859363516C9 /* Pods-weasley-clock.debug.xcconfig */ = {isa = PBXFileReference; includeInIndex = 1; lastKnownFileType = text.xcconfig; name = "Pods-weasley-clock.debug.xcconfig"; path = "Pods/Target Support Files/Pods-weasley-clock/Pods-weasley-clock.debug.xcconfig"; sourceTree = "<group>"; };
		2F1E75DEEFFF8052B6311ECF /* Pods-weasley-clockTests.debug.xcconfig */ = {isa = PBXFileReference; includeInIndex = 1; lastKnownFileType = text.xcconfig; name = "Pods-weasley-clockTests.debug.xcconfig"; path = "Pods/Target Support Files/Pods-weasley-clockTests/Pods-weasley-clockTests.debug.xcconfig"; sourceTree = "<group>"; };
		317C1DBCCF8FD79F9AB67159 /* Pods_weasley_clockTests.framework */ = {isa = PBXFileReference; explicitFileType = wrapper.framework; includeInIndex = 0; path = Pods_weasley_clockTests.framework; sourceTree = BUILT_PRODUCTS_DIR; };
		48C55025185B32909F66DB5D /* Pods-weasley-clockTests.release.xcconfig */ = {isa = PBXFileReference; includeInIndex = 1; lastKnownFileType = text.xcconfig; name = "Pods-weasley-clockTests.release.xcconfig"; path = "Pods/Target Support Files/Pods-weasley-clockTests/Pods-weasley-clockTests.release.xcconfig"; sourceTree = "<group>"; };
		65B58BFC213AC67E006E3824 /* weasley-clock.app */ = {isa = PBXFileReference; explicitFileType = wrapper.application; includeInIndex = 0; path = "weasley-clock.app"; sourceTree = BUILT_PRODUCTS_DIR; };
		65B58BFF213AC67E006E3824 /* AppDelegate.swift */ = {isa = PBXFileReference; lastKnownFileType = sourcecode.swift; path = AppDelegate.swift; sourceTree = "<group>"; };
		65B58C01213AC67E006E3824 /* ViewController.swift */ = {isa = PBXFileReference; lastKnownFileType = sourcecode.swift; path = ViewController.swift; sourceTree = "<group>"; };
		65B58C04213AC67E006E3824 /* Base */ = {isa = PBXFileReference; lastKnownFileType = file.storyboard; name = Base; path = Base.lproj/Main.storyboard; sourceTree = "<group>"; };
		65B58C06213AC680006E3824 /* Assets.xcassets */ = {isa = PBXFileReference; lastKnownFileType = folder.assetcatalog; path = Assets.xcassets; sourceTree = "<group>"; };
		65B58C09213AC680006E3824 /* Base */ = {isa = PBXFileReference; lastKnownFileType = file.storyboard; name = Base; path = Base.lproj/LaunchScreen.storyboard; sourceTree = "<group>"; };
		65B58C0B213AC680006E3824 /* Info.plist */ = {isa = PBXFileReference; lastKnownFileType = text.plist.xml; path = Info.plist; sourceTree = "<group>"; };
		65B58C10213AC680006E3824 /* weasley-clockTests.xctest */ = {isa = PBXFileReference; explicitFileType = wrapper.cfbundle; includeInIndex = 0; path = "weasley-clockTests.xctest"; sourceTree = BUILT_PRODUCTS_DIR; };
		65B58C14213AC680006E3824 /* weasley_clockTests.swift */ = {isa = PBXFileReference; lastKnownFileType = sourcecode.swift; path = weasley_clockTests.swift; sourceTree = "<group>"; };
		65B58C16213AC680006E3824 /* Info.plist */ = {isa = PBXFileReference; lastKnownFileType = text.plist.xml; path = Info.plist; sourceTree = "<group>"; };
		65B58C23213AD4FE006E3824 /* ClockView.swift */ = {isa = PBXFileReference; lastKnownFileType = sourcecode.swift; path = ClockView.swift; sourceTree = "<group>"; };
		E82EEF39314B995B3644C743 /* Pods_weasley_clock.framework */ = {isa = PBXFileReference; explicitFileType = wrapper.framework; includeInIndex = 0; path = Pods_weasley_clock.framework; sourceTree = BUILT_PRODUCTS_DIR; };
		EE64A2B6A1C5A15F7C4A1A19 /* Pods-weasley-clock.release.xcconfig */ = {isa = PBXFileReference; includeInIndex = 1; lastKnownFileType = text.xcconfig; name = "Pods-weasley-clock.release.xcconfig"; path = "Pods/Target Support Files/Pods-weasley-clock/Pods-weasley-clock.release.xcconfig"; sourceTree = "<group>"; };
/* End PBXFileReference section */

/* Begin PBXFrameworksBuildPhase section */
		65B58BF9213AC67E006E3824 /* Frameworks */ = {
			isa = PBXFrameworksBuildPhase;
			buildActionMask = 2147483647;
			files = (
				4BA20375BF477181235A7DCC /* Pods_weasley_clock.framework in Frameworks */,
			);
			runOnlyForDeploymentPostprocessing = 0;
		};
		65B58C0D213AC680006E3824 /* Frameworks */ = {
			isa = PBXFrameworksBuildPhase;
			buildActionMask = 2147483647;
			files = (
				B8BAAADEE3E0CE0EA26B684A /* Pods_weasley_clockTests.framework in Frameworks */,
			);
			runOnlyForDeploymentPostprocessing = 0;
		};
/* End PBXFrameworksBuildPhase section */

/* Begin PBXGroup section */
		5C020FFFAC59651A8A853E3C /* Frameworks */ = {
			isa = PBXGroup;
			children = (
				E82EEF39314B995B3644C743 /* Pods_weasley_clock.framework */,
				317C1DBCCF8FD79F9AB67159 /* Pods_weasley_clockTests.framework */,
			);
			name = Frameworks;
			sourceTree = "<group>";
		};
		6145438B08FC8FE2EB810C95 /* Pods */ = {
			isa = PBXGroup;
			children = (
				2B705659EA6DC859363516C9 /* Pods-weasley-clock.debug.xcconfig */,
				EE64A2B6A1C5A15F7C4A1A19 /* Pods-weasley-clock.release.xcconfig */,
				2F1E75DEEFFF8052B6311ECF /* Pods-weasley-clockTests.debug.xcconfig */,
				48C55025185B32909F66DB5D /* Pods-weasley-clockTests.release.xcconfig */,
			);
			name = Pods;
			sourceTree = "<group>";
		};
		65B58BF3213AC67E006E3824 = {
			isa = PBXGroup;
			children = (
				65B58BFE213AC67E006E3824 /* weasley-clock */,
				65B58C13213AC680006E3824 /* WeasleyClockTests */,
				65B58BFD213AC67E006E3824 /* Products */,
				6145438B08FC8FE2EB810C95 /* Pods */,
				5C020FFFAC59651A8A853E3C /* Frameworks */,
			);
			sourceTree = "<group>";
		};
		65B58BFD213AC67E006E3824 /* Products */ = {
			isa = PBXGroup;
			children = (
				65B58BFC213AC67E006E3824 /* weasley-clock.app */,
				65B58C10213AC680006E3824 /* weasley-clockTests.xctest */,
			);
			name = Products;
			sourceTree = "<group>";
		};
		65B58BFE213AC67E006E3824 /* weasley-clock */ = {
			isa = PBXGroup;
			children = (
				65B58C22213AD4F6006E3824 /* ClockView */,
				65B58C21213AD4C5006E3824 /* SupportingFiles */,
				65B58BFF213AC67E006E3824 /* AppDelegate.swift */,
				65B58C01213AC67E006E3824 /* ViewController.swift */,
				65B58C03213AC67E006E3824 /* Main.storyboard */,
			);
			path = "weasley-clock";
			sourceTree = "<group>";
		};
		65B58C13213AC680006E3824 /* WeasleyClockTests */ = {
			isa = PBXGroup;
			children = (
				65B58C14213AC680006E3824 /* weasley_clockTests.swift */,
				65B58C16213AC680006E3824 /* Info.plist */,
			);
			path = WeasleyClockTests;
			sourceTree = "<group>";
		};
		65B58C21213AD4C5006E3824 /* SupportingFiles */ = {
			isa = PBXGroup;
			children = (
				65B58C0B213AC680006E3824 /* Info.plist */,
				65B58C08213AC680006E3824 /* LaunchScreen.storyboard */,
				65B58C06213AC680006E3824 /* Assets.xcassets */,
			);
			path = SupportingFiles;
			sourceTree = "<group>";
		};
		65B58C22213AD4F6006E3824 /* ClockView */ = {
			isa = PBXGroup;
			children = (
				65B58C23213AD4FE006E3824 /* ClockView.swift */,
			);
			path = ClockView;
			sourceTree = "<group>";
		};
/* End PBXGroup section */

/* Begin PBXNativeTarget section */
		65B58BFB213AC67E006E3824 /* weasley-clock */ = {
			isa = PBXNativeTarget;
			buildConfigurationList = 65B58C19213AC680006E3824 /* Build configuration list for PBXNativeTarget "weasley-clock" */;
			buildPhases = (
				0DC8EFD62AB2E0FF76734532 /* [CP] Check Pods Manifest.lock */,
				65B58BF8213AC67E006E3824 /* Sources */,
				65B58BF9213AC67E006E3824 /* Frameworks */,
				65B58BFA213AC67E006E3824 /* Resources */,
				68778D44EA2AD858A12B5FA4 /* [CP] Embed Pods Frameworks */,
			);
			buildRules = (
			);
			dependencies = (
			);
			name = "weasley-clock";
			productName = "weasley-clock";
			productReference = 65B58BFC213AC67E006E3824 /* weasley-clock.app */;
			productType = "com.apple.product-type.application";
		};
		65B58C0F213AC680006E3824 /* weasley-clockTests */ = {
			isa = PBXNativeTarget;
			buildConfigurationList = 65B58C1C213AC680006E3824 /* Build configuration list for PBXNativeTarget "weasley-clockTests" */;
			buildPhases = (
				60E0096345126152389C5F2D /* [CP] Check Pods Manifest.lock */,
				65B58C0C213AC680006E3824 /* Sources */,
				65B58C0D213AC680006E3824 /* Frameworks */,
				65B58C0E213AC680006E3824 /* Resources */,
			);
			buildRules = (
			);
			dependencies = (
				65B58C12213AC680006E3824 /* PBXTargetDependency */,
			);
			name = "weasley-clockTests";
			productName = "weasley-clockTests";
			productReference = 65B58C10213AC680006E3824 /* weasley-clockTests.xctest */;
			productType = "com.apple.product-type.bundle.unit-test";
		};
/* End PBXNativeTarget section */

/* Begin PBXProject section */
		65B58BF4213AC67E006E3824 /* Project object */ = {
			isa = PBXProject;
			attributes = {
				LastSwiftUpdateCheck = 0940;
				LastUpgradeCheck = 0940;
				ORGANIZATIONNAME = "Daniel Amarante";
				TargetAttributes = {
					65B58BFB213AC67E006E3824 = {
						CreatedOnToolsVersion = 9.4.1;
					};
					65B58C0F213AC680006E3824 = {
						CreatedOnToolsVersion = 9.4.1;
						TestTargetID = 65B58BFB213AC67E006E3824;
					};
				};
			};
			buildConfigurationList = 65B58BF7213AC67E006E3824 /* Build configuration list for PBXProject "weasley-clock" */;
			compatibilityVersion = "Xcode 9.3";
			developmentRegion = en;
			hasScannedForEncodings = 0;
			knownRegions = (
				en,
				Base,
			);
			mainGroup = 65B58BF3213AC67E006E3824;
			productRefGroup = 65B58BFD213AC67E006E3824 /* Products */;
			projectDirPath = "";
			projectRoot = "";
			targets = (
				65B58BFB213AC67E006E3824 /* weasley-clock */,
				65B58C0F213AC680006E3824 /* weasley-clockTests */,
			);
		};
/* End PBXProject section */

/* Begin PBXResourcesBuildPhase section */
		65B58BFA213AC67E006E3824 /* Resources */ = {
			isa = PBXResourcesBuildPhase;
			buildActionMask = 2147483647;
			files = (
				65B58C0A213AC680006E3824 /* LaunchScreen.storyboard in Resources */,
				65B58C07213AC680006E3824 /* Assets.xcassets in Resources */,
				65B58C05213AC67E006E3824 /* Main.storyboard in Resources */,
			);
			runOnlyForDeploymentPostprocessing = 0;
		};
		65B58C0E213AC680006E3824 /* Resources */ = {
			isa = PBXResourcesBuildPhase;
			buildActionMask = 2147483647;
			files = (
			);
			runOnlyForDeploymentPostprocessing = 0;
		};
/* End PBXResourcesBuildPhase section */

/* Begin PBXShellScriptBuildPhase section */
		0DC8EFD62AB2E0FF76734532 /* [CP] Check Pods Manifest.lock */ = {
			isa = PBXShellScriptBuildPhase;
			buildActionMask = 2147483647;
			files = (
			);
			inputFileListPaths = (
			);
			inputPaths = (
				"${PODS_PODFILE_DIR_PATH}/Podfile.lock",
				"${PODS_ROOT}/Manifest.lock",
			);
			name = "[CP] Check Pods Manifest.lock";
			outputFileListPaths = (
			);
			outputPaths = (
				"$(DERIVED_FILE_DIR)/Pods-weasley-clock-checkManifestLockResult.txt",
			);
			runOnlyForDeploymentPostprocessing = 0;
			shellPath = /bin/sh;
			shellScript = "diff \"${PODS_PODFILE_DIR_PATH}/Podfile.lock\" \"${PODS_ROOT}/Manifest.lock\" > /dev/null\nif [ $? != 0 ] ; then\n    # print error to STDERR\n    echo \"error: The sandbox is not in sync with the Podfile.lock. Run 'pod install' or update your CocoaPods installation.\" >&2\n    exit 1\nfi\n# This output is used by Xcode 'outputs' to avoid re-running this script phase.\necho \"SUCCESS\" > \"${SCRIPT_OUTPUT_FILE_0}\"\n";
			showEnvVarsInLog = 0;
		};
		60E0096345126152389C5F2D /* [CP] Check Pods Manifest.lock */ = {
			isa = PBXShellScriptBuildPhase;
			buildActionMask = 2147483647;
			files = (
			);
			inputFileListPaths = (
			);
			inputPaths = (
				"${PODS_PODFILE_DIR_PATH}/Podfile.lock",
				"${PODS_ROOT}/Manifest.lock",
			);
			name = "[CP] Check Pods Manifest.lock";
			outputFileListPaths = (
			);
			outputPaths = (
				"$(DERIVED_FILE_DIR)/Pods-weasley-clockTests-checkManifestLockResult.txt",
			);
			runOnlyForDeploymentPostprocessing = 0;
			shellPath = /bin/sh;
			shellScript = "diff \"${PODS_PODFILE_DIR_PATH}/Podfile.lock\" \"${PODS_ROOT}/Manifest.lock\" > /dev/null\nif [ $? != 0 ] ; then\n    # print error to STDERR\n    echo \"error: The sandbox is not in sync with the Podfile.lock. Run 'pod install' or update your CocoaPods installation.\" >&2\n    exit 1\nfi\n# This output is used by Xcode 'outputs' to avoid re-running this script phase.\necho \"SUCCESS\" > \"${SCRIPT_OUTPUT_FILE_0}\"\n";
			showEnvVarsInLog = 0;
		};
		68778D44EA2AD858A12B5FA4 /* [CP] Embed Pods Frameworks */ = {
			isa = PBXShellScriptBuildPhase;
			buildActionMask = 2147483647;
			files = (
			);
			inputFileListPaths = (
			);
			inputPaths = (
				"${SRCROOT}/Pods/Target Support Files/Pods-weasley-clock/Pods-weasley-clock-frameworks.sh",
				"${BUILT_PRODUCTS_DIR}/GTMSessionFetcher/GTMSessionFetcher.framework",
				"${BUILT_PRODUCTS_DIR}/GoogleToolboxForMac/GoogleToolboxForMac.framework",
			);
			name = "[CP] Embed Pods Frameworks";
			outputFileListPaths = (
			);
			outputPaths = (
				"${TARGET_BUILD_DIR}/${FRAMEWORKS_FOLDER_PATH}/GTMSessionFetcher.framework",
				"${TARGET_BUILD_DIR}/${FRAMEWORKS_FOLDER_PATH}/GoogleToolboxForMac.framework",
			);
			runOnlyForDeploymentPostprocessing = 0;
			shellPath = /bin/sh;
			shellScript = "\"${SRCROOT}/Pods/Target Support Files/Pods-weasley-clock/Pods-weasley-clock-frameworks.sh\"\n";
			showEnvVarsInLog = 0;
		};
/* End PBXShellScriptBuildPhase section */

/* Begin PBXSourcesBuildPhase section */
		65B58BF8213AC67E006E3824 /* Sources */ = {
			isa = PBXSourcesBuildPhase;
			buildActionMask = 2147483647;
			files = (
				65B58C02213AC67E006E3824 /* ViewController.swift in Sources */,
				65B58C24213AD4FE006E3824 /* ClockView.swift in Sources */,
				65B58C00213AC67E006E3824 /* AppDelegate.swift in Sources */,
			);
			runOnlyForDeploymentPostprocessing = 0;
		};
		65B58C0C213AC680006E3824 /* Sources */ = {
			isa = PBXSourcesBuildPhase;
			buildActionMask = 2147483647;
			files = (
				65B58C15213AC680006E3824 /* weasley_clockTests.swift in Sources */,
			);
			runOnlyForDeploymentPostprocessing = 0;
		};
/* End PBXSourcesBuildPhase section */

/* Begin PBXTargetDependency section */
		65B58C12213AC680006E3824 /* PBXTargetDependency */ = {
			isa = PBXTargetDependency;
			target = 65B58BFB213AC67E006E3824 /* weasley-clock */;
			targetProxy = 65B58C11213AC680006E3824 /* PBXContainerItemProxy */;
		};
/* End PBXTargetDependency section */

/* Begin PBXVariantGroup section */
		65B58C03213AC67E006E3824 /* Main.storyboard */ = {
			isa = PBXVariantGroup;
			children = (
				65B58C04213AC67E006E3824 /* Base */,
			);
			name = Main.storyboard;
			sourceTree = "<group>";
		};
		65B58C08213AC680006E3824 /* LaunchScreen.storyboard */ = {
			isa = PBXVariantGroup;
			children = (
				65B58C09213AC680006E3824 /* Base */,
			);
			name = LaunchScreen.storyboard;
			sourceTree = "<group>";
		};
/* End PBXVariantGroup section */

/* Begin XCBuildConfiguration section */
		65B58C17213AC680006E3824 /* Debug */ = {
			isa = XCBuildConfiguration;
			buildSettings = {
				ALWAYS_SEARCH_USER_PATHS = NO;
				CLANG_ANALYZER_NONNULL = YES;
				CLANG_ANALYZER_NUMBER_OBJECT_CONVERSION = YES_AGGRESSIVE;
				CLANG_CXX_LANGUAGE_STANDARD = "gnu++14";
				CLANG_CXX_LIBRARY = "libc++";
				CLANG_ENABLE_MODULES = YES;
				CLANG_ENABLE_OBJC_ARC = YES;
				CLANG_ENABLE_OBJC_WEAK = YES;
				CLANG_WARN_BLOCK_CAPTURE_AUTORELEASING = YES;
				CLANG_WARN_BOOL_CONVERSION = YES;
				CLANG_WARN_COMMA = YES;
				CLANG_WARN_CONSTANT_CONVERSION = YES;
				CLANG_WARN_DEPRECATED_OBJC_IMPLEMENTATIONS = YES;
				CLANG_WARN_DIRECT_OBJC_ISA_USAGE = YES_ERROR;
				CLANG_WARN_DOCUMENTATION_COMMENTS = YES;
				CLANG_WARN_EMPTY_BODY = YES;
				CLANG_WARN_ENUM_CONVERSION = YES;
				CLANG_WARN_INFINITE_RECURSION = YES;
				CLANG_WARN_INT_CONVERSION = YES;
				CLANG_WARN_NON_LITERAL_NULL_CONVERSION = YES;
				CLANG_WARN_OBJC_IMPLICIT_RETAIN_SELF = YES;
				CLANG_WARN_OBJC_LITERAL_CONVERSION = YES;
				CLANG_WARN_OBJC_ROOT_CLASS = YES_ERROR;
				CLANG_WARN_RANGE_LOOP_ANALYSIS = YES;
				CLANG_WARN_STRICT_PROTOTYPES = YES;
				CLANG_WARN_SUSPICIOUS_MOVE = YES;
				CLANG_WARN_UNGUARDED_AVAILABILITY = YES_AGGRESSIVE;
				CLANG_WARN_UNREACHABLE_CODE = YES;
				CLANG_WARN__DUPLICATE_METHOD_MATCH = YES;
				CODE_SIGN_IDENTITY = "iPhone Developer";
				COPY_PHASE_STRIP = NO;
				DEBUG_INFORMATION_FORMAT = dwarf;
				ENABLE_STRICT_OBJC_MSGSEND = YES;
				ENABLE_TESTABILITY = YES;
				GCC_C_LANGUAGE_STANDARD = gnu11;
				GCC_DYNAMIC_NO_PIC = NO;
				GCC_NO_COMMON_BLOCKS = YES;
				GCC_OPTIMIZATION_LEVEL = 0;
				GCC_PREPROCESSOR_DEFINITIONS = (
					"DEBUG=1",
					"$(inherited)",
				);
				GCC_WARN_64_TO_32_BIT_CONVERSION = YES;
				GCC_WARN_ABOUT_RETURN_TYPE = YES_ERROR;
				GCC_WARN_UNDECLARED_SELECTOR = YES;
				GCC_WARN_UNINITIALIZED_AUTOS = YES_AGGRESSIVE;
				GCC_WARN_UNUSED_FUNCTION = YES;
				GCC_WARN_UNUSED_VARIABLE = YES;
				IPHONEOS_DEPLOYMENT_TARGET = 11.4;
				MTL_ENABLE_DEBUG_INFO = YES;
				ONLY_ACTIVE_ARCH = YES;
				SDKROOT = iphoneos;
				SWIFT_ACTIVE_COMPILATION_CONDITIONS = DEBUG;
				SWIFT_OPTIMIZATION_LEVEL = "-Onone";
			};
			name = Debug;
		};
		65B58C18213AC680006E3824 /* Release */ = {
			isa = XCBuildConfiguration;
			buildSettings = {
				ALWAYS_SEARCH_USER_PATHS = NO;
				CLANG_ANALYZER_NONNULL = YES;
				CLANG_ANALYZER_NUMBER_OBJECT_CONVERSION = YES_AGGRESSIVE;
				CLANG_CXX_LANGUAGE_STANDARD = "gnu++14";
				CLANG_CXX_LIBRARY = "libc++";
				CLANG_ENABLE_MODULES = YES;
				CLANG_ENABLE_OBJC_ARC = YES;
				CLANG_ENABLE_OBJC_WEAK = YES;
				CLANG_WARN_BLOCK_CAPTURE_AUTORELEASING = YES;
				CLANG_WARN_BOOL_CONVERSION = YES;
				CLANG_WARN_COMMA = YES;
				CLANG_WARN_CONSTANT_CONVERSION = YES;
				CLANG_WARN_DEPRECATED_OBJC_IMPLEMENTATIONS = YES;
				CLANG_WARN_DIRECT_OBJC_ISA_USAGE = YES_ERROR;
				CLANG_WARN_DOCUMENTATION_COMMENTS = YES;
				CLANG_WARN_EMPTY_BODY = YES;
				CLANG_WARN_ENUM_CONVERSION = YES;
				CLANG_WARN_INFINITE_RECURSION = YES;
				CLANG_WARN_INT_CONVERSION = YES;
				CLANG_WARN_NON_LITERAL_NULL_CONVERSION = YES;
				CLANG_WARN_OBJC_IMPLICIT_RETAIN_SELF = YES;
				CLANG_WARN_OBJC_LITERAL_CONVERSION = YES;
				CLANG_WARN_OBJC_ROOT_CLASS = YES_ERROR;
				CLANG_WARN_RANGE_LOOP_ANALYSIS = YES;
				CLANG_WARN_STRICT_PROTOTYPES = YES;
				CLANG_WARN_SUSPICIOUS_MOVE = YES;
				CLANG_WARN_UNGUARDED_AVAILABILITY = YES_AGGRESSIVE;
				CLANG_WARN_UNREACHABLE_CODE = YES;
				CLANG_WARN__DUPLICATE_METHOD_MATCH = YES;
				CODE_SIGN_IDENTITY = "iPhone Developer";
				COPY_PHASE_STRIP = NO;
				DEBUG_INFORMATION_FORMAT = "dwarf-with-dsym";
				ENABLE_NS_ASSERTIONS = NO;
				ENABLE_STRICT_OBJC_MSGSEND = YES;
				GCC_C_LANGUAGE_STANDARD = gnu11;
				GCC_NO_COMMON_BLOCKS = YES;
				GCC_WARN_64_TO_32_BIT_CONVERSION = YES;
				GCC_WARN_ABOUT_RETURN_TYPE = YES_ERROR;
				GCC_WARN_UNDECLARED_SELECTOR = YES;
				GCC_WARN_UNINITIALIZED_AUTOS = YES_AGGRESSIVE;
				GCC_WARN_UNUSED_FUNCTION = YES;
				GCC_WARN_UNUSED_VARIABLE = YES;
				IPHONEOS_DEPLOYMENT_TARGET = 11.4;
				MTL_ENABLE_DEBUG_INFO = NO;
				SDKROOT = iphoneos;
				SWIFT_COMPILATION_MODE = wholemodule;
				SWIFT_OPTIMIZATION_LEVEL = "-O";
				VALIDATE_PRODUCT = YES;
			};
			name = Release;
		};
		65B58C1A213AC680006E3824 /* Debug */ = {
			isa = XCBuildConfiguration;
			baseConfigurationReference = 2B705659EA6DC859363516C9 /* Pods-weasley-clock.debug.xcconfig */;
			buildSettings = {
				ASSETCATALOG_COMPILER_APPICON_NAME = AppIcon;
				CODE_SIGN_STYLE = Manual;
				DEVELOPMENT_TEAM = "";
				INFOPLIST_FILE = "$(SRCROOT)/weasley-clock/SupportingFiles/Info.plist";
				LD_RUNPATH_SEARCH_PATHS = (
					"$(inherited)",
					"@executable_path/Frameworks",
				);
				PRODUCT_BUNDLE_IDENTIFIER = "com.goat.weasley-clock";
				PRODUCT_NAME = "$(TARGET_NAME)";
				PROVISIONING_PROFILE_SPECIFIER = "";
				SWIFT_VERSION = 4.0;
				TARGETED_DEVICE_FAMILY = "1,2";
			};
			name = Debug;
		};
		65B58C1B213AC680006E3824 /* Release */ = {
			isa = XCBuildConfiguration;
			baseConfigurationReference = EE64A2B6A1C5A15F7C4A1A19 /* Pods-weasley-clock.release.xcconfig */;
			buildSettings = {
				ASSETCATALOG_COMPILER_APPICON_NAME = AppIcon;
				CODE_SIGN_STYLE = Manual;
				DEVELOPMENT_TEAM = "";
				INFOPLIST_FILE = "$(SRCROOT)/weasley-clock/SupportingFiles/Info.plist";
				LD_RUNPATH_SEARCH_PATHS = (
					"$(inherited)",
					"@executable_path/Frameworks",
				);
				PRODUCT_BUNDLE_IDENTIFIER = "com.goat.weasley-clock";
				PRODUCT_NAME = "$(TARGET_NAME)";
				PROVISIONING_PROFILE_SPECIFIER = "";
				SWIFT_VERSION = 4.0;
				TARGETED_DEVICE_FAMILY = "1,2";
			};
			name = Release;
		};
		65B58C1D213AC680006E3824 /* Debug */ = {
			isa = XCBuildConfiguration;
			baseConfigurationReference = 2F1E75DEEFFF8052B6311ECF /* Pods-weasley-clockTests.debug.xcconfig */;
			buildSettings = {
				ALWAYS_EMBED_SWIFT_STANDARD_LIBRARIES = YES;
				BUNDLE_LOADER = "$(TEST_HOST)";
				CODE_SIGN_STYLE = Automatic;
				DEVELOPMENT_TEAM = ZX7GUMJ35C;
				INFOPLIST_FILE = WeasleyClockTests/Info.plist;
				LD_RUNPATH_SEARCH_PATHS = (
					"$(inherited)",
					"@executable_path/Frameworks",
					"@loader_path/Frameworks",
				);
				PRODUCT_BUNDLE_IDENTIFIER = "com.amarantedaniel.weasley-clockTests";
				PRODUCT_NAME = "$(TARGET_NAME)";
				SWIFT_VERSION = 4.0;
				TARGETED_DEVICE_FAMILY = "1,2";
				TEST_HOST = "$(BUILT_PRODUCTS_DIR)/weasley-clock.app/weasley-clock";
			};
			name = Debug;
		};
		65B58C1E213AC680006E3824 /* Release */ = {
			isa = XCBuildConfiguration;
			baseConfigurationReference = 48C55025185B32909F66DB5D /* Pods-weasley-clockTests.release.xcconfig */;
			buildSettings = {
				ALWAYS_EMBED_SWIFT_STANDARD_LIBRARIES = YES;
				BUNDLE_LOADER = "$(TEST_HOST)";
				CODE_SIGN_STYLE = Automatic;
				DEVELOPMENT_TEAM = ZX7GUMJ35C;
				INFOPLIST_FILE = WeasleyClockTests/Info.plist;
				LD_RUNPATH_SEARCH_PATHS = (
					"$(inherited)",
					"@executable_path/Frameworks",
					"@loader_path/Frameworks",
				);
				PRODUCT_BUNDLE_IDENTIFIER = "com.amarantedaniel.weasley-clockTests";
				PRODUCT_NAME = "$(TARGET_NAME)";
				SWIFT_VERSION = 4.0;
				TARGETED_DEVICE_FAMILY = "1,2";
				TEST_HOST = "$(BUILT_PRODUCTS_DIR)/weasley-clock.app/weasley-clock";
			};
			name = Release;
		};
/* End XCBuildConfiguration section */

/* Begin XCConfigurationList section */
		65B58BF7213AC67E006E3824 /* Build configuration list for PBXProject "weasley-clock" */ = {
			isa = XCConfigurationList;
			buildConfigurations = (
				65B58C17213AC680006E3824 /* Debug */,
				65B58C18213AC680006E3824 /* Release */,
			);
			defaultConfigurationIsVisible = 0;
			defaultConfigurationName = Release;
		};
		65B58C19213AC680006E3824 /* Build configuration list for PBXNativeTarget "weasley-clock" */ = {
			isa = XCConfigurationList;
			buildConfigurations = (
				65B58C1A213AC680006E3824 /* Debug */,
				65B58C1B213AC680006E3824 /* Release */,
			);
			defaultConfigurationIsVisible = 0;
			defaultConfigurationName = Release;
		};
		65B58C1C213AC680006E3824 /* Build configuration list for PBXNativeTarget "weasley-clockTests" */ = {
			isa = XCConfigurationList;
			buildConfigurations = (
				65B58C1D213AC680006E3824 /* Debug */,
				65B58C1E213AC680006E3824 /* Release */,
			);
			defaultConfigurationIsVisible = 0;
			defaultConfigurationName = Release;
		};
/* End XCConfigurationList section */
	};
	rootObject = 65B58BF4213AC67E006E3824 /* Project object */;
}
